
Microsoft Visual Studio Solution File, Format Version 12.00
# Visual Studio Version 16
VisualStudioVersion = 16.0.31321.278
MinimumVisualStudioVersion = 10.0.40219.1
Project("{FAE04EC0-301F-11D3-BF4B-00C04F79EFBC}") = "ReactiveFilter.Android", "ReactiveFilter\ReactiveFilter.Android\ReactiveFilter.Android.csproj", "{571939C9-7CBF-4E19-A8B9-40D868944E8C}"
EndProject
Project("{FAE04EC0-301F-11D3-BF4B-00C04F79EFBC}") = "ReactiveFilter", "ReactiveFilter\ReactiveFilter\ReactiveFilter.csproj", "{B728BEDF-3715-43E7-9996-CD6FBA8EBC4B}"
EndProject
Global
	GlobalSection(SolutionConfigurationPlatforms) = preSolution
		Debug|Any CPU = Debug|Any CPU
		Release|Any CPU = Release|Any CPU
	EndGlobalSection
	GlobalSection(ProjectConfigurationPlatforms) = postSolution
		{571939C9-7CBF-4E19-A8B9-40D868944E8C}.Debug|Any CPU.ActiveCfg = Debug|Any CPU
		{571939C9-7CBF-4E19-A8B9-40D868944E8C}.Debug|Any CPU.Build.0 = Debug|Any CPU
		{571939C9-7CBF-4E19-A8B9-40D868944E8C}.Debug|Any CPU.Deploy.0 = Debug|Any CPU
		{571939C9-7CBF-4E19-A8B9-40D868944E8C}.Release|Any CPU.ActiveCfg = Release|Any CPU
		{571939C9-7CBF-4E19-A8B9-40D868944E8C}.Release|Any CPU.Build.0 = Release|Any CPU
		{571939C9-7CBF-4E19-A8B9-40D868944E8C}.Release|Any CPU.Deploy.0 = Release|Any CPU
		{B728BEDF-3715-43E7-9996-CD6FBA8EBC4B}.Debug|Any CPU.ActiveCfg = Debug|Any CPU
		{B728BEDF-3715-43E7-9996-CD6FBA8EBC4B}.Debug|Any CPU.Build.0 = Debug|Any CPU
		{B728BEDF-3715-43E7-9996-CD6FBA8EBC4B}.Debug|Any CPU.Deploy.0 = Debug|Any CPU
		{B728BEDF-3715-43E7-9996-CD6FBA8EBC4B}.Release|Any CPU.ActiveCfg = Release|Any CPU
		{B728BEDF-3715-43E7-9996-CD6FBA8EBC4B}.Release|Any CPU.Build.0 = Release|Any CPU
		{B728BEDF-3715-43E7-9996-CD6FBA8EBC4B}.Release|Any CPU.Deploy.0 = Release|Any CPU
	EndGlobalSection
	GlobalSection(SolutionProperties) = preSolution
		HideSolutionNode = FALSE
	EndGlobalSection
	GlobalSection(ExtensibilityGlobals) = postSolution
		SolutionGuid = {7387CA95-F350-4DB6-9A09-C80D0297230D}
	EndGlobalSection
EndGlobal
